{
  "name": "Impesoft.github.io",
  "lockfileVersion": 2,
  "requires": true,
  "packages": {
    "": {
      "dependencies": {
        "@fireworks-js/web": "^2.10.1",
        "@zero-dependency/dom": "^0.12.0"
      }
    },
    "node_modules/@fireworks-js/web": {
      "version": "2.10.1",
      "resolved": "https://registry.npmjs.org/@fireworks-js/web/-/web-2.10.1.tgz",
      "integrity": "sha512-78Bik64Tk5QLSOn+JlIUPC8y2PwledfueYDRgec+7dJuoJkvdyc8puNt6dJqbjkqs6kGJdWzasqOMs7OvmWe0w==",
      "dependencies": {
        "fireworks-js": "2.10.1"
      }
    },
    "node_modules/@zero-dependency/dom": {
      "version": "0.12.0",
      "resolved": "https://registry.npmjs.org/@zero-dependency/dom/-/dom-0.12.0.tgz",
      "integrity": "sha512-afswu8W+/+ELG+YHii6M475Cbkn4bmsWrdHZcU+8EibOzQSx8xk6nWco0vV2F0iTcEFsaa1QBn9NTS4K6i4Y1g==",
      "dependencies": {
        "@zero-dependency/emitter": "1.1.1"
      }
    },
    "node_modules/@zero-dependency/emitter": {
      "version": "1.1.1",
      "resolved": "https://registry.npmjs.org/@zero-dependency/emitter/-/emitter-1.1.1.tgz",
      "integrity": "sha512-bPF9QeEQdOhe1Bfpm+mqOS4JrajPiHTj5vMvOSMvZp5jZzzgd8lC87JL93xWGgL8Qb3E98JZkmnYJX3JdmrEIA=="
    },
    "node_modules/fireworks-js": {
      "version": "2.10.1",
      "resolved": "https://registry.npmjs.org/fireworks-js/-/fireworks-js-2.10.1.tgz",
      "integrity": "sha512-D0Hr5uSo+TD326jUHBWhf/AtP+x+NmHPmvJ3fKPDXzKGKP47ASfbk9U4JQugK4jwlKn1fdZ8kkk0CFqmva3BBw=="
    }
  },
  "dependencies": {
    "@fireworks-js/web": {
      "version": "2.10.1",
      "resolved": "https://registry.npmjs.org/@fireworks-js/web/-/web-2.10.1.tgz",
      "integrity": "sha512-78Bik64Tk5QLSOn+JlIUPC8y2PwledfueYDRgec+7dJuoJkvdyc8puNt6dJqbjkqs6kGJdWzasqOMs7OvmWe0w==",
      "requires": {
        "fireworks-js": "2.10.1"
      }
    },
    "@zero-dependency/dom": {
      "version": "0.12.0",
      "resolved": "https://registry.npmjs.org/@zero-dependency/dom/-/dom-0.12.0.tgz",
      "integrity": "sha512-afswu8W+/+ELG+YHii6M475Cbkn4bmsWrdHZcU+8EibOzQSx8xk6nWco0vV2F0iTcEFsaa1QBn9NTS4K6i4Y1g==",
      "requires": {
        "@zero-dependency/emitter": "1.1.1"
      }
    },
    "@zero-dependency/emitter": {
      "version": "1.1.1",
      "resolved": "https://registry.npmjs.org/@zero-dependency/emitter/-/emitter-1.1.1.tgz",
      "integrity": "sha512-bPF9QeEQdOhe1Bfpm+mqOS4JrajPiHTj5vMvOSMvZp5jZzzgd8lC87JL93xWGgL8Qb3E98JZkmnYJX3JdmrEIA=="
    },
    "fireworks-js": {
      "version": "2.10.1",
      "resolved": "https://registry.npmjs.org/fireworks-js/-/fireworks-js-2.10.1.tgz",
      "integrity": "sha512-D0Hr5uSo+TD326jUHBWhf/AtP+x+NmHPmvJ3fKPDXzKGKP47ASfbk9U4JQugK4jwlKn1fdZ8kkk0CFqmva3BBw=="
    }
  }
}
